
Microsoft Visual Studio Solution File, Format Version 12.00
# Visual Studio Version 17
VisualStudioVersion = 17.4.33213.308
MinimumVisualStudioVersion = 10.0.40219.1
Project("{FAE04EC0-301F-11D3-BF4B-00C04F79EFBC}") = "MyFirstApp", "MyFirstApp\MyFirstApp.csproj", "{BB4ECDB5-1B3C-490E-801C-F2BB564C524A}"
EndProject
Global
	GlobalSection(SolutionConfigurationPlatforms) = preSolution
		Debug|Any CPU = Debug|Any CPU
		Release|Any CPU = Release|Any CPU
	EndGlobalSection
	GlobalSection(ProjectConfigurationPlatforms) = postSolution
		{BB4ECDB5-1B3C-490E-801C-F2BB564C524A}.Debug|Any CPU.ActiveCfg = Debug|Any CPU
		{BB4ECDB5-1B3C-490E-801C-F2BB564C524A}.Debug|Any CPU.Build.0 = Debug|Any CPU
		{BB4ECDB5-1B3C-490E-801C-F2BB564C524A}.Release|Any CPU.ActiveCfg = Release|Any CPU
		{BB4ECDB5-1B3C-490E-801C-F2BB564C524A}.Release|Any CPU.Build.0 = Release|Any CPU
	EndGlobalSection
	GlobalSection(SolutionProperties) = preSolution
		HideSolutionNode = FALSE
	EndGlobalSection
	GlobalSection(ExtensibilityGlobals) = postSolution
		SolutionGuid = {4E6927FF-6D12-47D1-ADEB-CC84BFE2A82A}
	EndGlobalSection
EndGlobal
